{
  "object": {
    "pins": [
      {
        "package": "CalendarKit",
        "repositoryURL": "https://github.com/richardtop/CalendarKit.git",
        "state": {
          "branch": "master",
          "revision": "d645ec5dffcc3214fa8b5585e3e445033e0f2eeb",
          "version": null
        }
      },
      {
        "package": "DateToolsSwift",
        "repositoryURL": "https://github.com/maniramezan/DateTools.git",
        "state": {
          "branch": "mani_swiftpm",
          "revision": "4df71163e824b75476edd853a57dd4e33e0e618b",
          "version": null
        }
      },
      {
        "package": "Files",
        "repositoryURL": "https://github.com/JohnSundell/Files",
        "state": {
          "branch": null,
          "revision": "22fe84797d499ffca911ccd896b34efaf06a50b9",
          "version": "4.1.1"
        }
      },
      {
        "package": "GSPlayer",
        "repositoryURL": "https://github.com/wxxsw/GSPlayer.git",
        "state": {
          "branch": null,
          "revision": "1cb5fbb04d6bdfdfcc5948a41547fa3f3c584ea3",
          "version": "0.2.10"
        }
      },
      {
        "package": "QGrid",
        "repositoryURL": "https://github.com/Q-Mobile/QGrid",
        "state": {
          "branch": null,
          "revision": "40607aec336a8097c94bcadb81762592d89073ac",
          "version": "0.1.3"
        }
      },
      {
        "package": "SwiftyJSON",
        "repositoryURL": "https://github.com/SwiftyJSON/SwiftyJSON.git",
        "state": {
          "branch": "master",
          "revision": "cbf2d4955557abc1ed5debab21d20763e7ebc540",
          "version": null
        }
      },
      {
        "package": "VideoPlayer",
        "repositoryURL": "https://github.com/wxxsw/VideoPlayer",
        "state": {
          "branch": null,
          "revision": "e4fae3687715a12820b28fa3a3b19d733572ea8b",
          "version": "1.1.2"
        }
      }
    ]
  },
  "version": 1
}
